
Microsoft Visual Studio Solution File, Format Version 12.00
# Visual Studio Version 17
VisualStudioVersion = 17.0.31903.59
MinimumVisualStudioVersion = 10.0.40219.1
Project("{FAE04EC0-301F-11D3-BF4B-00C04F79EFBC}") = "AuthMotion.Domain", "AuthMotion.Domain\AuthMotion.Domain.csproj", "{06B4EBEE-805C-4BC8-AD93-874F215E4889}"
EndProject
Project("{FAE04EC0-301F-11D3-BF4B-00C04F79EFBC}") = "AuthMotion.Application", "AuthMotion.Application\AuthMotion.Application.csproj", "{90583ED4-39F2-407E-AC72-3A53972084CE}"
EndProject
Project("{FAE04EC0-301F-11D3-BF4B-00C04F79EFBC}") = "AuthMotion.Infrastructure", "AuthMotion.Infrastructure\AuthMotion.Infrastructure.csproj", "{F23DC62C-1BC9-446B-9C5C-607633D05872}"
EndProject
Project("{FAE04EC0-301F-11D3-BF4B-00C04F79EFBC}") = "AuthMotion.API", "AuthMotion.API\AuthMotion.API.csproj", "{C5F7FBEE-28AA-4414-8DA9-9673BD2075FE}"
EndProject
Global
	GlobalSection(SolutionConfigurationPlatforms) = preSolution
		Debug|Any CPU = Debug|Any CPU
		Debug|x64 = Debug|x64
		Debug|x86 = Debug|x86
		Release|Any CPU = Release|Any CPU
		Release|x64 = Release|x64
		Release|x86 = Release|x86
	EndGlobalSection
	GlobalSection(ProjectConfigurationPlatforms) = postSolution
		{06B4EBEE-805C-4BC8-AD93-874F215E4889}.Debug|Any CPU.ActiveCfg = Debug|Any CPU
		{06B4EBEE-805C-4BC8-AD93-874F215E4889}.Debug|Any CPU.Build.0 = Debug|Any CPU
		{06B4EBEE-805C-4BC8-AD93-874F215E4889}.Debug|x64.ActiveCfg = Debug|Any CPU
		{06B4EBEE-805C-4BC8-AD93-874F215E4889}.Debug|x64.Build.0 = Debug|Any CPU
		{06B4EBEE-805C-4BC8-AD93-874F215E4889}.Debug|x86.ActiveCfg = Debug|Any CPU
		{06B4EBEE-805C-4BC8-AD93-874F215E4889}.Debug|x86.Build.0 = Debug|Any CPU
		{06B4EBEE-805C-4BC8-AD93-874F215E4889}.Release|Any CPU.ActiveCfg = Release|Any CPU
		{06B4EBEE-805C-4BC8-AD93-874F215E4889}.Release|Any CPU.Build.0 = Release|Any CPU
		{06B4EBEE-805C-4BC8-AD93-874F215E4889}.Release|x64.ActiveCfg = Release|Any CPU
		{06B4EBEE-805C-4BC8-AD93-874F215E4889}.Release|x64.Build.0 = Release|Any CPU
		{06B4EBEE-805C-4BC8-AD93-874F215E4889}.Release|x86.ActiveCfg = Release|Any CPU
		{06B4EBEE-805C-4BC8-AD93-874F215E4889}.Release|x86.Build.0 = Release|Any CPU
		{90583ED4-39F2-407E-AC72-3A53972084CE}.Debug|Any CPU.ActiveCfg = Debug|Any CPU
		{90583ED4-39F2-407E-AC72-3A53972084CE}.Debug|Any CPU.Build.0 = Debug|Any CPU
		{90583ED4-39F2-407E-AC72-3A53972084CE}.Debug|x64.ActiveCfg = Debug|Any CPU
		{90583ED4-39F2-407E-AC72-3A53972084CE}.Debug|x64.Build.0 = Debug|Any CPU
		{90583ED4-39F2-407E-AC72-3A53972084CE}.Debug|x86.ActiveCfg = Debug|Any CPU
		{90583ED4-39F2-407E-AC72-3A53972084CE}.Debug|x86.Build.0 = Debug|Any CPU
		{90583ED4-39F2-407E-AC72-3A53972084CE}.Release|Any CPU.ActiveCfg = Release|Any CPU
		{90583ED4-39F2-407E-AC72-3A53972084CE}.Release|Any CPU.Build.0 = Release|Any CPU
		{90583ED4-39F2-407E-AC72-3A53972084CE}.Release|x64.ActiveCfg = Release|Any CPU
		{90583ED4-39F2-407E-AC72-3A53972084CE}.Release|x64.Build.0 = Release|Any CPU
		{90583ED4-39F2-407E-AC72-3A53972084CE}.Release|x86.ActiveCfg = Release|Any CPU
		{90583ED4-39F2-407E-AC72-3A53972084CE}.Release|x86.Build.0 = Release|Any CPU
		{F23DC62C-1BC9-446B-9C5C-607633D05872}.Debug|Any CPU.ActiveCfg = Debug|Any CPU
		{F23DC62C-1BC9-446B-9C5C-607633D05872}.Debug|Any CPU.Build.0 = Debug|Any CPU
		{F23DC62C-1BC9-446B-9C5C-607633D05872}.Debug|x64.ActiveCfg = Debug|Any CPU
		{F23DC62C-1BC9-446B-9C5C-607633D05872}.Debug|x64.Build.0 = Debug|Any CPU
		{F23DC62C-1BC9-446B-9C5C-607633D05872}.Debug|x86.ActiveCfg = Debug|Any CPU
		{F23DC62C-1BC9-446B-9C5C-607633D05872}.Debug|x86.Build.0 = Debug|Any CPU
		{F23DC62C-1BC9-446B-9C5C-607633D05872}.Release|Any CPU.ActiveCfg = Release|Any CPU
		{F23DC62C-1BC9-446B-9C5C-607633D05872}.Release|Any CPU.Build.0 = Release|Any CPU
		{F23DC62C-1BC9-446B-9C5C-607633D05872}.Release|x64.ActiveCfg = Release|Any CPU
		{F23DC62C-1BC9-446B-9C5C-607633D05872}.Release|x64.Build.0 = Release|Any CPU
		{F23DC62C-1BC9-446B-9C5C-607633D05872}.Release|x86.ActiveCfg = Release|Any CPU
		{F23DC62C-1BC9-446B-9C5C-607633D05872}.Release|x86.Build.0 = Release|Any CPU
		{C5F7FBEE-28AA-4414-8DA9-9673BD2075FE}.Debug|Any CPU.ActiveCfg = Debug|Any CPU
		{C5F7FBEE-28AA-4414-8DA9-9673BD2075FE}.Debug|Any CPU.Build.0 = Debug|Any CPU
		{C5F7FBEE-28AA-4414-8DA9-9673BD2075FE}.Debug|x64.ActiveCfg = Debug|Any CPU
		{C5F7FBEE-28AA-4414-8DA9-9673BD2075FE}.Debug|x64.Build.0 = Debug|Any CPU
		{C5F7FBEE-28AA-4414-8DA9-9673BD2075FE}.Debug|x86.ActiveCfg = Debug|Any CPU
		{C5F7FBEE-28AA-4414-8DA9-9673BD2075FE}.Debug|x86.Build.0 = Debug|Any CPU
		{C5F7FBEE-28AA-4414-8DA9-9673BD2075FE}.Release|Any CPU.ActiveCfg = Release|Any CPU
		{C5F7FBEE-28AA-4414-8DA9-9673BD2075FE}.Release|Any CPU.Build.0 = Release|Any CPU
		{C5F7FBEE-28AA-4414-8DA9-9673BD2075FE}.Release|x64.ActiveCfg = Release|Any CPU
		{C5F7FBEE-28AA-4414-8DA9-9673BD2075FE}.Release|x64.Build.0 = Release|Any CPU
		{C5F7FBEE-28AA-4414-8DA9-9673BD2075FE}.Release|x86.ActiveCfg = Release|Any CPU
		{C5F7FBEE-28AA-4414-8DA9-9673BD2075FE}.Release|x86.Build.0 = Release|Any CPU
	EndGlobalSection
	GlobalSection(SolutionProperties) = preSolution
		HideSolutionNode = FALSE
	EndGlobalSection
EndGlobal
